
Microsoft Visual Studio Solution File, Format Version 12.00
# Visual Studio Version 16
VisualStudioVersion = 16.0.31911.196
MinimumVisualStudioVersion = 10.0.40219.1
Project("{FAE04EC0-301F-11D3-BF4B-00C04F79EFBC}") = "StudentsLager", "StudentsLager\StudentsLager.csproj", "{A852F03F-53C0-4CB4-AAA0-D29DA6A8C627}"
EndProject
Global
	GlobalSection(SolutionConfigurationPlatforms) = preSolution
		Debug|Any CPU = Debug|Any CPU
		Release|Any CPU = Release|Any CPU
	EndGlobalSection
	GlobalSection(ProjectConfigurationPlatforms) = postSolution
		{A852F03F-53C0-4CB4-AAA0-D29DA6A8C627}.Debug|Any CPU.ActiveCfg = Debug|Any CPU
		{A852F03F-53C0-4CB4-AAA0-D29DA6A8C627}.Debug|Any CPU.Build.0 = Debug|Any CPU
		{A852F03F-53C0-4CB4-AAA0-D29DA6A8C627}.Release|Any CPU.ActiveCfg = Release|Any CPU
		{A852F03F-53C0-4CB4-AAA0-D29DA6A8C627}.Release|Any CPU.Build.0 = Release|Any CPU
	EndGlobalSection
	GlobalSection(SolutionProperties) = preSolution
		HideSolutionNode = FALSE
	EndGlobalSection
	GlobalSection(ExtensibilityGlobals) = postSolution
		SolutionGuid = {42D20005-18F1-4E96-B380-6B290B0BB67F}
	EndGlobalSection
EndGlobal
